
Microsoft Visual Studio Solution File, Format Version 12.00
# Visual Studio 15
VisualStudioVersion = 15.0.28307.705
MinimumVisualStudioVersion = 10.0.40219.1
Project("{FAE04EC0-301F-11D3-BF4B-00C04F79EFBC}") = "Ekin.Rest", "Ekin.Rest\Ekin.Rest.csproj", "{76EEA6A6-1482-4FC6-859F-822308D2A4CA}"
EndProject
Global
	GlobalSection(SolutionConfigurationPlatforms) = preSolution
		Debug|Any CPU = Debug|Any CPU
		Release|Any CPU = Release|Any CPU
	EndGlobalSection
	GlobalSection(ProjectConfigurationPlatforms) = postSolution
		{76EEA6A6-1482-4FC6-859F-822308D2A4CA}.Debug|Any CPU.ActiveCfg = Debug|Any CPU
		{76EEA6A6-1482-4FC6-859F-822308D2A4CA}.Debug|Any CPU.Build.0 = Debug|Any CPU
		{76EEA6A6-1482-4FC6-859F-822308D2A4CA}.Release|Any CPU.ActiveCfg = Release|Any CPU
		{76EEA6A6-1482-4FC6-859F-822308D2A4CA}.Release|Any CPU.Build.0 = Release|Any CPU
	EndGlobalSection
	GlobalSection(SolutionProperties) = preSolution
		HideSolutionNode = FALSE
	EndGlobalSection
	GlobalSection(ExtensibilityGlobals) = postSolution
		SolutionGuid = {FF65037A-8F53-4E5D-86DD-6B241C57423F}
	EndGlobalSection
EndGlobal
